Microsoft Visual Studio Solution File, Format Version 12.00
# Visual Studio Version 17
VisualStudioVersion = 17.5.2.0
MinimumVisualStudioVersion = 10.0.40219.1
Project("{FAE04EC0-301F-11D3-BF4B-00C04F79EFBC}") = "SimpleApp", "backend\SimpleApp.csproj", "{BF4911A0-0419-892C-B542-3D3E08D075E2}"
EndProject
Global
	GlobalSection(SolutionConfigurationPlatforms) = preSolution
		Debug|Any CPU = Debug|Any CPU
		Release|Any CPU = Release|Any CPU
	EndGlobalSection
	GlobalSection(ProjectConfigurationPlatforms) = postSolution
		{BF4911A0-0419-892C-B542-3D3E08D075E2}.Debug|Any CPU.ActiveCfg = Debug|Any CPU
		{BF4911A0-0419-892C-B542-3D3E08D075E2}.Debug|Any CPU.Build.0 = Debug|Any CPU
		{BF4911A0-0419-892C-B542-3D3E08D075E2}.Release|Any CPU.ActiveCfg = Release|Any CPU
		{BF4911A0-0419-892C-B542-3D3E08D075E2}.Release|Any CPU.Build.0 = Release|Any CPU
	EndGlobalSection
	GlobalSection(SolutionProperties) = preSolution
		HideSolutionNode = FALSE
	EndGlobalSection
	GlobalSection(ExtensibilityGlobals) = postSolution
		SolutionGuid = {A7F46C08-BADF-4507-992A-E10E023F9A50}
	EndGlobalSection
EndGlobal
